
Microsoft Visual Studio Solution File, Format Version 12.00
# Visual Studio Version 16
VisualStudioVersion = 16.0.30717.126
MinimumVisualStudioVersion = 10.0.40219.1
Project("{6EC3EE1D-3C4E-46DD-8F32-0CC8E7565705}") = "SolidityProviderTest", "SolidityProviderTest.fsproj", "{8E13724F-086C-4715-87C3-7038ECA10E69}"
EndProject
Project("{2150E333-8FDC-42A3-9474-1A3956D46DE8}") = "Solution Items", "Solution Items", "{A34E39DD-37E9-4ABA-98BC-3D4369543F99}"
	ProjectSection(SolutionItems) = preProject
		DebugScript.fsx = DebugScript.fsx
		..\..\Playground\dEth.json = ..\..\Playground\dEth.json
	EndProjectSection
EndProject
Global
	GlobalSection(SolutionConfigurationPlatforms) = preSolution
		Debug|Any CPU = Debug|Any CPU
		Release|Any CPU = Release|Any CPU
	EndGlobalSection
	GlobalSection(ProjectConfigurationPlatforms) = postSolution
		{8E13724F-086C-4715-87C3-7038ECA10E69}.Debug|Any CPU.ActiveCfg = Debug|Any CPU
		{8E13724F-086C-4715-87C3-7038ECA10E69}.Debug|Any CPU.Build.0 = Debug|Any CPU
		{8E13724F-086C-4715-87C3-7038ECA10E69}.Release|Any CPU.ActiveCfg = Release|Any CPU
		{8E13724F-086C-4715-87C3-7038ECA10E69}.Release|Any CPU.Build.0 = Release|Any CPU
	EndGlobalSection
	GlobalSection(SolutionProperties) = preSolution
		HideSolutionNode = FALSE
	EndGlobalSection
	GlobalSection(ExtensibilityGlobals) = postSolution
		SolutionGuid = {06D00229-7F2E-4D0A-AE77-EAEC54F058B8}
	EndGlobalSection
EndGlobal
